# This file is automatically @generated by Cargo.
# It is not intended for manual editing.
version = 4

[[package]]
name = "probbit-cli"
version = "0.5.0"
dependencies = [
 "probbit-core",
 "probbit-decide",
 "probbit-ir",
]

[[package]]
name = "probbit-core"
version = "0.5.0"

[[package]]
name = "probbit-decide"
version = "0.5.0"
dependencies = [
 "probbit-core",
 "probbit-ir",
]

[[package]]
name = "probbit-ir"
version = "0.5.0"
dependencies = [
 "probbit-core",
]

[[package]]
name = "probbit-wasm"
version = "0.5.0"
dependencies = [
 "probbit-core",
 "probbit-decide",
 "probbit-ir",
]
