# This file is automatically @generated by Cargo.
# It is not intended for manual editing.
version = 4

[[package]]
name = "pbit-cli"
version = "0.3.0"
dependencies = [
 "pbit-core",
 "pbit-decide",
 "pbit-ir",
]

[[package]]
name = "pbit-core"
version = "0.3.0"

[[package]]
name = "pbit-decide"
version = "0.3.0"
dependencies = [
 "pbit-core",
 "pbit-ir",
]

[[package]]
name = "pbit-ir"
version = "0.3.0"
dependencies = [
 "pbit-core",
]

[[package]]
name = "pbit-wasm"
version = "0.3.0"
dependencies = [
 "pbit-core",
 "pbit-decide",
 "pbit-ir",
]
